{
  "version": 4,
  "terraform_version": "1.5.7",
  "serial": 8,
  "lineage": "b8cddfa2-8f48-9059-69be-3a6b8bf0827a",
  "outputs": {
    "machine": {
      "value": "35.233.215.3",
      "type": "string"
    }
  },
  "resources": [
    {
      "mode": "managed",
      "type": "google_compute_address",
      "name": "static",
      "provider": "provider[\"registry.terraform.io/hashicorp/google\"]",
      "instances": [
        {
          "schema_version": 0,
          "attributes": {
            "address": "35.233.215.3",
            "address_type": "EXTERNAL",
            "creation_timestamp": "2023-09-16T04:31:18.208-07:00",
            "description": "",
            "id": "projects/winged-ratio-399207/regions/us-west1/addresses/ipv4-address",
            "ip_version": "",
            "ipv6_endpoint_type": "",
            "name": "ipv4-address",
            "network": "",
            "network_tier": "PREMIUM",
            "prefix_length": 0,
            "project": "winged-ratio-399207",
            "purpose": "",
            "region": "us-west1",
            "self_link": "https://www.googleapis.com/compute/v1/projects/winged-ratio-399207/regions/us-west1/addresses/ipv4-address",
            "subnetwork": "",
            "timeouts": null,
            "users": []
          },
          "sensitive_attributes": [],
          "private": "eyJlMmJmYjczMC1lY2FhLTExZTYtOGY4OC0zNDM2M2JjN2M0YzAiOnsiY3JlYXRlIjoxMjAwMDAwMDAwMDAwLCJkZWxldGUiOjEyMDAwMDAwMDAwMDB9fQ=="
        }
      ]
    },
    {
      "mode": "managed",
      "type": "google_compute_firewall",
      "name": "allow_access_to_api",
      "provider": "provider[\"registry.terraform.io/hashicorp/google\"]",
      "instances": [
        {
          "schema_version": 1,
          "attributes": {
            "allow": [
              {
                "ports": [
                  "4001"
                ],
                "protocol": "tcp"
              }
            ],
            "creation_timestamp": "2023-09-16T04:31:28.053-07:00",
            "deny": [],
            "description": "",
            "destination_ranges": [],
            "direction": "INGRESS",
            "disabled": false,
            "enable_logging": null,
            "id": "projects/winged-ratio-399207/global/firewalls/allow-access-to-exch-api",
            "log_config": [],
            "name": "allow-access-to-exch-api",
            "network": "https://www.googleapis.com/compute/v1/projects/winged-ratio-399207/global/networks/management",
            "priority": 1000,
            "project": "winged-ratio-399207",
            "self_link": "https://www.googleapis.com/compute/v1/projects/winged-ratio-399207/global/firewalls/allow-access-to-exch-api",
            "source_ranges": [
              "0.0.0.0/0"
            ],
            "source_service_accounts": null,
            "source_tags": [
              "exch-api"
            ],
            "target_service_accounts": null,
            "target_tags": null,
            "timeouts": null
          },
          "sensitive_attributes": [],
          "private": "eyJlMmJmYjczMC1lY2FhLTExZTYtOGY4OC0zNDM2M2JjN2M0YzAiOnsiY3JlYXRlIjoxMjAwMDAwMDAwMDAwLCJkZWxldGUiOjEyMDAwMDAwMDAwMDAsInVwZGF0ZSI6MTIwMDAwMDAwMDAwMH0sInNjaGVtYV92ZXJzaW9uIjoiMSJ9",
          "dependencies": [
            "google_compute_network.management"
          ]
        }
      ]
    },
    {
      "mode": "managed",
      "type": "google_compute_firewall",
      "name": "allow_access_to_websocket",
      "provider": "provider[\"registry.terraform.io/hashicorp/google\"]",
      "instances": [
        {
          "schema_version": 1,
          "attributes": {
            "allow": [
              {
                "ports": [
                  "6000"
                ],
                "protocol": "tcp"
              }
            ],
            "creation_timestamp": "2023-09-16T04:31:28.015-07:00",
            "deny": [],
            "description": "",
            "destination_ranges": [],
            "direction": "INGRESS",
            "disabled": false,
            "enable_logging": null,
            "id": "projects/winged-ratio-399207/global/firewalls/allow-access-to-websocket",
            "log_config": [],
            "name": "allow-access-to-websocket",
            "network": "https://www.googleapis.com/compute/v1/projects/winged-ratio-399207/global/networks/management",
            "priority": 1000,
            "project": "winged-ratio-399207",
            "self_link": "https://www.googleapis.com/compute/v1/projects/winged-ratio-399207/global/firewalls/allow-access-to-websocket",
            "source_ranges": [
              "0.0.0.0/0"
            ],
            "source_service_accounts": null,
            "source_tags": [
              "exch-websocket"
            ],
            "target_service_accounts": null,
            "target_tags": null,
            "timeouts": null
          },
          "sensitive_attributes": [],
          "private": "eyJlMmJmYjczMC1lY2FhLTExZTYtOGY4OC0zNDM2M2JjN2M0YzAiOnsiY3JlYXRlIjoxMjAwMDAwMDAwMDAwLCJkZWxldGUiOjEyMDAwMDAwMDAwMDAsInVwZGF0ZSI6MTIwMDAwMDAwMDAwMH0sInNjaGVtYV92ZXJzaW9uIjoiMSJ9",
          "dependencies": [
            "google_compute_network.management"
          ]
        }
      ]
    },
    {
      "mode": "managed",
      "type": "google_compute_firewall",
      "name": "allow_ssh_to_jenkins",
      "provider": "provider[\"registry.terraform.io/hashicorp/google\"]",
      "instances": [
        {
          "schema_version": 1,
          "attributes": {
            "allow": [
              {
                "ports": [
                  "22"
                ],
                "protocol": "tcp"
              }
            ],
            "creation_timestamp": "2023-09-16T04:31:28.052-07:00",
            "deny": [],
            "description": "",
            "destination_ranges": [],
            "direction": "INGRESS",
            "disabled": false,
            "enable_logging": null,
            "id": "projects/winged-ratio-399207/global/firewalls/allow-ssh",
            "log_config": [],
            "name": "allow-ssh",
            "network": "https://www.googleapis.com/compute/v1/projects/winged-ratio-399207/global/networks/management",
            "priority": 1000,
            "project": "winged-ratio-399207",
            "self_link": "https://www.googleapis.com/compute/v1/projects/winged-ratio-399207/global/firewalls/allow-ssh",
            "source_ranges": [
              "0.0.0.0/0"
            ],
            "source_service_accounts": null,
            "source_tags": [
              "ssh-allowed"
            ],
            "target_service_accounts": null,
            "target_tags": null,
            "timeouts": null
          },
          "sensitive_attributes": [],
          "private": "eyJlMmJmYjczMC1lY2FhLTExZTYtOGY4OC0zNDM2M2JjN2M0YzAiOnsiY3JlYXRlIjoxMjAwMDAwMDAwMDAwLCJkZWxldGUiOjEyMDAwMDAwMDAwMDAsInVwZGF0ZSI6MTIwMDAwMDAwMDAwMH0sInNjaGVtYV92ZXJzaW9uIjoiMSJ9",
          "dependencies": [
            "google_compute_network.management"
          ]
        }
      ]
    },
    {
      "mode": "managed",
      "type": "google_compute_instance",
      "name": "worker_machine",
      "provider": "provider[\"registry.terraform.io/hashicorp/google\"]",
      "instances": [
        {
          "schema_version": 6,
          "attributes": {
            "advanced_machine_features": [],
            "allow_stopping_for_update": null,
            "attached_disk": [],
            "boot_disk": [
              {
                "auto_delete": true,
                "device_name": "persistent-disk-0",
                "disk_encryption_key_raw": "",
                "disk_encryption_key_sha256": "",
                "initialize_params": [
                  {
                    "image": "https://www.googleapis.com/compute/v1/projects/winged-ratio-399207/global/images/exch-2023-09-16",
                    "labels": {},
                    "resource_manager_tags": null,
                    "size": 20,
                    "type": "pd-standard"
                  }
                ],
                "kms_key_self_link": "",
                "mode": "READ_WRITE",
                "source": "https://www.googleapis.com/compute/v1/projects/winged-ratio-399207/zones/us-west1-b/disks/worker-machine"
              }
            ],
            "can_ip_forward": false,
            "confidential_instance_config": [],
            "cpu_platform": "Intel Broadwell",
            "current_status": "RUNNING",
            "deletion_protection": false,
            "description": "",
            "desired_status": null,
            "enable_display": false,
            "guest_accelerator": [],
            "hostname": "",
            "id": "projects/winged-ratio-399207/zones/us-west1-b/instances/worker-machine",
            "instance_id": "696917893566704847",
            "label_fingerprint": "42WmSpB8rSM=",
            "labels": null,
            "machine_type": "n1-standard-1",
            "metadata": {
              "ssh-keys": "exch:ssh-rsa AAAAB3NzaC1yc2EAAAADAQABAAACAQCsF/INDWVeap/GlXqwN4dexmTdTxLe+d1Om5ci31MfZPdqSiX2A8jrkqtUq8Ul3mdfrHxCD7/Fl24m/PUoQwZ7leUgfqpKP6Yh8IpaDDhmQCP0AkZITq3efh43rjtqMdW7F6Vakjo0pRWUa+NiOCBIJbGnXj507jgE+8DkKftmAR2o/Y/H1FJtQ+8wg+qkcOh47Cu1tiX+PR46y2eSAeTjf9SOd5CtwuLqfqy3PieiPxcBI/x+OsC4Qfa+nlRN1DQ9ZD7jC0XMKL5UQGRlbNdVxnYfXqZRK4n/u2xWwEOchJWYyfcPf7Q5OXvtXE9/119Bu60BvIjL4JD/DtS8/p14jv3ff9gX9i4XSA9Cydp9j5e8ySm86N3KRV7F+xioyxWSByNXUMqQ7LY+2NrDIu35NWwpPd5y9ktIKY8ebhST4y/roKz/DQKoTSiKKogIGtckK2WiQtYWzzJZ3TpSxcwPbK+vMwXYEY7mRY+FXTAyodWiO6JRL6UbLZm0Rs2TTknfaXDvAZVywGQG135RCxOFcA8FS7sozlk4mCZ//iArnv/BGUuUjCKS0hpXRDY1u0DSB53IS1ZSLjydp4nrBmHHw/NRfNT2UQn7X66EGFTISFGDQ5s6VgIbCqrRhjVRVJnh4iBGyrkclZczvgBX6LNaAu5IKcT/r/9wG3Hdl0pa9Q== exch\n"
            },
            "metadata_fingerprint": "_ydd1IVBK00=",
            "metadata_startup_script": null,
            "min_cpu_platform": "",
            "name": "worker-machine",
            "network_interface": [
              {
                "access_config": [
                  {
                    "nat_ip": "35.233.215.3",
                    "network_tier": "PREMIUM",
                    "public_ptr_domain_name": ""
                  }
                ],
                "alias_ip_range": [],
                "ipv6_access_config": [],
                "ipv6_access_type": "",
                "name": "nic0",
                "network": "https://www.googleapis.com/compute/v1/projects/winged-ratio-399207/global/networks/management",
                "network_ip": "10.0.1.2",
                "nic_type": "",
                "queue_count": 0,
                "stack_type": "IPV4_ONLY",
                "subnetwork": "https://www.googleapis.com/compute/v1/projects/winged-ratio-399207/regions/us-west1/subnetworks/public-10-0-1-0",
                "subnetwork_project": "winged-ratio-399207"
              }
            ],
            "network_performance_config": [],
            "params": [],
            "project": "winged-ratio-399207",
            "reservation_affinity": [],
            "resource_policies": null,
            "scheduling": [
              {
                "automatic_restart": true,
                "instance_termination_action": "",
                "local_ssd_recovery_timeout": [],
                "min_node_cpus": 0,
                "node_affinities": [],
                "on_host_maintenance": "MIGRATE",
                "preemptible": false,
                "provisioning_model": "STANDARD"
              }
            ],
            "scratch_disk": [],
            "self_link": "https://www.googleapis.com/compute/v1/projects/winged-ratio-399207/zones/us-west1-b/instances/worker-machine",
            "service_account": [],
            "shielded_instance_config": [
              {
                "enable_integrity_monitoring": true,
                "enable_secure_boot": false,
                "enable_vtpm": true
              }
            ],
            "tags": [
              "exch-api",
              "exch-websocket",
              "ssh-allowed"
            ],
            "tags_fingerprint": "9ZcgLvEGMu0=",
            "timeouts": null,
            "zone": "us-west1-b"
          },
          "sensitive_attributes": [],
          "private": "eyJlMmJmYjczMC1lY2FhLTExZTYtOGY4OC0zNDM2M2JjN2M0YzAiOnsiY3JlYXRlIjoxMjAwMDAwMDAwMDAwLCJkZWxldGUiOjEyMDAwMDAwMDAwMDAsInVwZGF0ZSI6MTIwMDAwMDAwMDAwMH0sInNjaGVtYV92ZXJzaW9uIjoiNiJ9",
          "dependencies": [
            "google_compute_address.static",
            "google_compute_network.management",
            "google_compute_subnetwork.public_subnets"
          ]
        }
      ]
    },
    {
      "mode": "managed",
      "type": "google_compute_network",
      "name": "management",
      "provider": "provider[\"registry.terraform.io/hashicorp/google\"]",
      "instances": [
        {
          "schema_version": 0,
          "attributes": {
            "auto_create_subnetworks": false,
            "delete_default_routes_on_create": false,
            "description": "",
            "enable_ula_internal_ipv6": false,
            "gateway_ipv4": "",
            "id": "projects/winged-ratio-399207/global/networks/management",
            "internal_ipv6_range": "",
            "mtu": 0,
            "name": "management",
            "network_firewall_policy_enforcement_order": "AFTER_CLASSIC_FIREWALL",
            "project": "winged-ratio-399207",
            "routing_mode": "REGIONAL",
            "self_link": "https://www.googleapis.com/compute/v1/projects/winged-ratio-399207/global/networks/management",
            "timeouts": null
          },
          "sensitive_attributes": [],
          "private": "eyJlMmJmYjczMC1lY2FhLTExZTYtOGY4OC0zNDM2M2JjN2M0YzAiOnsiY3JlYXRlIjoxMjAwMDAwMDAwMDAwLCJkZWxldGUiOjEyMDAwMDAwMDAwMDAsInVwZGF0ZSI6MTIwMDAwMDAwMDAwMH19"
        }
      ]
    },
    {
      "mode": "managed",
      "type": "google_compute_subnetwork",
      "name": "public_subnets",
      "provider": "provider[\"registry.terraform.io/hashicorp/google\"]",
      "instances": [
        {
          "index_key": 0,
          "schema_version": 0,
          "attributes": {
            "creation_timestamp": "2023-09-16T04:31:29.431-07:00",
            "description": "",
            "external_ipv6_prefix": "",
            "fingerprint": null,
            "gateway_address": "10.0.1.1",
            "id": "projects/winged-ratio-399207/regions/us-west1/subnetworks/public-10-0-1-0",
            "ip_cidr_range": "10.0.1.0/24",
            "ipv6_access_type": "",
            "ipv6_cidr_range": "",
            "log_config": [],
            "name": "public-10-0-1-0",
            "network": "https://www.googleapis.com/compute/v1/projects/winged-ratio-399207/global/networks/management",
            "private_ip_google_access": false,
            "private_ipv6_google_access": "DISABLE_GOOGLE_ACCESS",
            "project": "winged-ratio-399207",
            "purpose": "PRIVATE",
            "region": "us-west1",
            "role": "",
            "secondary_ip_range": [],
            "self_link": "https://www.googleapis.com/compute/v1/projects/winged-ratio-399207/regions/us-west1/subnetworks/public-10-0-1-0",
            "stack_type": "IPV4_ONLY",
            "timeouts": null
          },
          "sensitive_attributes": [],
          "private": "eyJlMmJmYjczMC1lY2FhLTExZTYtOGY4OC0zNDM2M2JjN2M0YzAiOnsiY3JlYXRlIjoxMjAwMDAwMDAwMDAwLCJkZWxldGUiOjEyMDAwMDAwMDAwMDAsInVwZGF0ZSI6MTIwMDAwMDAwMDAwMH19",
          "dependencies": [
            "google_compute_network.management"
          ]
        }
      ]
    }
  ],
  "check_results": null
}
